
Microsoft Visual Studio Solution File, Format Version 12.00
# Visual Studio Version 17
VisualStudioVersion = 17.8.34511.84
MinimumVisualStudioVersion = 10.0.40219.1
Project("{FAE04EC0-301F-11D3-BF4B-00C04F79EFBC}") = "CollectionsManager", "CollectionsManager\CollectionsManager.csproj", "{A920FBC3-7148-480E-93C7-37DB5280B417}"
EndProject
Global
	GlobalSection(SolutionConfigurationPlatforms) = preSolution
		Debug|Any CPU = Debug|Any CPU
		Release|Any CPU = Release|Any CPU
	EndGlobalSection
	GlobalSection(ProjectConfigurationPlatforms) = postSolution
		{A920FBC3-7148-480E-93C7-37DB5280B417}.Debug|Any CPU.ActiveCfg = Debug|Any CPU
		{A920FBC3-7148-480E-93C7-37DB5280B417}.Debug|Any CPU.Build.0 = Debug|Any CPU
		{A920FBC3-7148-480E-93C7-37DB5280B417}.Debug|Any CPU.Deploy.0 = Debug|Any CPU
		{A920FBC3-7148-480E-93C7-37DB5280B417}.Release|Any CPU.ActiveCfg = Release|Any CPU
		{A920FBC3-7148-480E-93C7-37DB5280B417}.Release|Any CPU.Build.0 = Release|Any CPU
		{A920FBC3-7148-480E-93C7-37DB5280B417}.Release|Any CPU.Deploy.0 = Release|Any CPU
	EndGlobalSection
	GlobalSection(SolutionProperties) = preSolution
		HideSolutionNode = FALSE
	EndGlobalSection
	GlobalSection(ExtensibilityGlobals) = postSolution
		SolutionGuid = {3A65B995-04E6-4E75-91D0-DD5E08580B1B}
	EndGlobalSection
EndGlobal
